
Microsoft Visual Studio Solution File, Format Version 12.00
# Visual Studio Version 16
VisualStudioVersion = 16.0.29709.97
MinimumVisualStudioVersion = 10.0.40219.1
Project("{6EC3EE1D-3C4E-46DD-8F32-0CC8E7565705}") = "MarkDrop", "MarkDrop\MarkDrop.fsproj", "{20BFCC4B-4A61-4F13-B2E4-522E4EF53D70}"
EndProject
Project("{FAE04EC0-301F-11D3-BF4B-00C04F79EFBC}") = "Drawille-Sharp", "Drawille-Sharp\Drawille-Sharp.csproj", "{C373243E-0A5B-4F4B-A009-115E81BEA858}"
EndProject
Global
	GlobalSection(SolutionConfigurationPlatforms) = preSolution
		Debug|Any CPU = Debug|Any CPU
		Release|Any CPU = Release|Any CPU
	EndGlobalSection
	GlobalSection(ProjectConfigurationPlatforms) = postSolution
		{20BFCC4B-4A61-4F13-B2E4-522E4EF53D70}.Debug|Any CPU.ActiveCfg = Debug|Any CPU
		{20BFCC4B-4A61-4F13-B2E4-522E4EF53D70}.Debug|Any CPU.Build.0 = Debug|Any CPU
		{20BFCC4B-4A61-4F13-B2E4-522E4EF53D70}.Release|Any CPU.ActiveCfg = Release|Any CPU
		{20BFCC4B-4A61-4F13-B2E4-522E4EF53D70}.Release|Any CPU.Build.0 = Release|Any CPU
		{C373243E-0A5B-4F4B-A009-115E81BEA858}.Debug|Any CPU.ActiveCfg = Debug|Any CPU
		{C373243E-0A5B-4F4B-A009-115E81BEA858}.Debug|Any CPU.Build.0 = Debug|Any CPU
		{C373243E-0A5B-4F4B-A009-115E81BEA858}.Release|Any CPU.ActiveCfg = Release|Any CPU
		{C373243E-0A5B-4F4B-A009-115E81BEA858}.Release|Any CPU.Build.0 = Release|Any CPU
	EndGlobalSection
	GlobalSection(SolutionProperties) = preSolution
		HideSolutionNode = FALSE
	EndGlobalSection
	GlobalSection(ExtensibilityGlobals) = postSolution
		SolutionGuid = {C23C8D44-41F5-47DB-80EC-B981CC37511D}
	EndGlobalSection
EndGlobal
